
Microsoft Visual Studio Solution File, Format Version 12.00
Project("{2150E333-8FDC-42A3-9474-1A3956D46DE8}") = "src", "src", "{FA192BDA-2A3B-4B9D-A0C9-694D58F8007B}"
EndProject
Project("{FAE04EC0-301F-11D3-BF4B-00C04F79EFBC}") = "ChoiceHotels.API", "src\ChoiceHotels.API\ChoiceHotels.API.csproj", "{7A39AD43-BAFB-407D-AFA1-7F5FB6A5A816}"
EndProject
Global
	GlobalSection(SolutionConfigurationPlatforms) = preSolution
		Debug|Any CPU = Debug|Any CPU
		Release|Any CPU = Release|Any CPU
	EndGlobalSection
	GlobalSection(NestedProjects) = preSolution
		{7A39AD43-BAFB-407D-AFA1-7F5FB6A5A816} = {FA192BDA-2A3B-4B9D-A0C9-694D58F8007B}
	EndGlobalSection
	GlobalSection(ProjectConfigurationPlatforms) = postSolution
		{7A39AD43-BAFB-407D-AFA1-7F5FB6A5A816}.Debug|Any CPU.ActiveCfg = Debug|Any CPU
		{7A39AD43-BAFB-407D-AFA1-7F5FB6A5A816}.Debug|Any CPU.Build.0 = Debug|Any CPU
		{7A39AD43-BAFB-407D-AFA1-7F5FB6A5A816}.Release|Any CPU.ActiveCfg = Release|Any CPU
		{7A39AD43-BAFB-407D-AFA1-7F5FB6A5A816}.Release|Any CPU.Build.0 = Release|Any CPU
	EndGlobalSection
EndGlobal
